<?xml version="1.0" encoding="utf-8"?>
<Project ToolsVersion="4.0" xmlns="http://schemas.microsoft.com/developer/msbuild/2003">
  <ItemGroup>
    <Filter Include="Source Files">
      <UniqueIdentifier>{4FC737F1-C7A5-4376-A066-2A32D752A2FF}</UniqueIdentifier>
      <Extensions>cpp;c;cc;cxx;def;odl;idl;hpj;bat;asm;asmx</Extensions>
    </Filter>
    <Filter Include="Header Files">
      <UniqueIdentifier>{93995380-89BD-4b04-88EB-625FBE52EBFB}</UniqueIdentifier>
      <Extensions>h;hh;hpp;hxx;hm;inl;inc;ipp;xsd</Extensions>
    </Filter>
    <Filter Include="Resource Files">
      <UniqueIdentifier>{67DA6AB6-F800-4c08-8B7A-83BB121AAD01}</UniqueIdentifier>
      <Extensions>rc;ico;cur;bmp;dlg;rc2;rct;bin;rgs;gif;jpg;jpeg;jpe;resx;tiff;tif;png;wav;mfcribbon-ms</Extensions>
    </Filter>
  </ItemGroup>
  <ItemGroup>
    <ClInclude Include="Creature.hpp">
      <Filter>Header Files</Filter>
    </ClInclude>
    <ClInclude Include="CreatureClawy.hpp">
      <Filter>Header Files</Filter>
    </ClInclude>
    <ClInclude Include="Game.hpp">
      <Filter>Header Files</Filter>
    </ClInclude>
    <ClInclude Include="Screen.hpp">
      <Filter>Header Files</Filter>
    </ClInclude>
    <ClInclude Include="Sprite.hpp">
      <Filter>Header Files</Filter>
    </ClInclude>
    <ClInclude Include="SpriteBackground.hpp">
      <Filter>Header Files</Filter>
    </ClInclude>
    <ClInclude Include="SpriteBlackBox.hpp">
      <Filter>Header Files</Filter>
    </ClInclude>
    <ClInclude Include="SpriteClawy.hpp">
      <Filter>Header Files</Filter>
    </ClInclude>
    <ClInclude Include="texture.hpp">
      <Filter>Header Files</Filter>
    </ClInclude>
    <ClInclude Include="TextureBank.hpp">
      <Filter>Header Files</Filter>
    </ClInclude>
    <ClInclude Include="CreatureFlyingBox.hpp">
      <Filter>Header Files</Filter>
    </ClInclude>
    <ClInclude Include="Level.hpp">
      <Filter>Header Files</Filter>
    </ClInclude>
    <ClInclude Include="SpriteBlackSmoke.hpp">
      <Filter>Header Files</Filter>
    </ClInclude>
    <ClInclude Include="CreatureBlackSmoke.hpp">
      <Filter>Header Files</Filter>
    </ClInclude>
    <ClInclude Include="LevelComponent.hpp">
      <Filter>Header Files</Filter>
    </ClInclude>
    <ClInclude Include="LevelComponentTest.hpp">
      <Filter>Header Files</Filter>
    </ClInclude>
    <ClInclude Include="LevelComponentCore.hpp">
      <Filter>Header Files</Filter>
    </ClInclude>
    <ClInclude Include="FactorySpawningCreatures.hpp">
      <Filter>Header Files</Filter>
    </ClInclude>
    <ClInclude Include="FactorySpawningLevelComponents.hpp">
      <Filter>Header Files</Filter>
    </ClInclude>
    <ClInclude Include="LevelComponentMaze.hpp">
      <Filter>Header Files</Filter>
    </ClInclude>
    <ClInclude Include="LevelNineMazes.hpp">
      <Filter>Header Files</Filter>
    </ClInclude>
    <ClInclude Include="FactorySpawningLevels.hpp">
      <Filter>Header Files</Filter>
    </ClInclude>
    <ClInclude Include="CreatureEventTrigger.hpp">
      <Filter>Header Files</Filter>
    </ClInclude>
    <ClInclude Include="VectorDrawing.hpp">
      <Filter>Header Files</Filter>
    </ClInclude>
    <ClInclude Include="FactorySpawningSprites.hpp">
      <Filter>Header Files</Filter>
    </ClInclude>
    <ClInclude Include="VisualComponent.hpp">
      <Filter>Header Files</Filter>
    </ClInclude>
    <ClInclude Include="CustomDefinedTypes.hpp">
      <Filter>Header Files</Filter>
    </ClInclude>
    <ClInclude Include="LevelComponentTriggers.hpp">
      <Filter>Header Files</Filter>
    </ClInclude>
    <ClInclude Include="CreatureVectorMask.hpp">
      <Filter>Header Files</Filter>
    </ClInclude>
    <ClInclude Include="CreatureNPC.hpp">
      <Filter>Header Files</Filter>
    </ClInclude>
    <ClInclude Include="CreatureSpell.hpp">
      <Filter>Header Files</Filter>
    </ClInclude>
    <ClInclude Include="CreatureSpellBall.hpp">
      <Filter>Header Files</Filter>
    </ClInclude>
    <ClInclude Include="SpriteVortex.hpp">
      <Filter>Header Files</Filter>
    </ClInclude>
    <ClInclude Include="Timer.hpp">
      <Filter>Header Files</Filter>
    </ClInclude>
    <ClInclude Include="TimerInterval.hpp">
      <Filter>Header Files</Filter>
    </ClInclude>
  </ItemGroup>
  <ItemGroup>
    <ClCompile Include="Creature.cpp">
      <Filter>Source Files</Filter>
    </ClCompile>
    <ClCompile Include="Game.cpp">
      <Filter>Source Files</Filter>
    </ClCompile>
    <ClCompile Include="hello.cpp">
      <Filter>Source Files</Filter>
    </ClCompile>
    <ClCompile Include="Screen.cpp">
      <Filter>Source Files</Filter>
    </ClCompile>
    <ClCompile Include="Sprite.cpp">
      <Filter>Source Files</Filter>
    </ClCompile>
    <ClCompile Include="SpriteBackground.cpp">
      <Filter>Source Files</Filter>
    </ClCompile>
    <ClCompile Include="SpriteBlackBox.cpp">
      <Filter>Source Files</Filter>
    </ClCompile>
    <ClCompile Include="SpriteClawy.cpp">
      <Filter>Source Files</Filter>
    </ClCompile>
    <ClCompile Include="texture.cpp">
      <Filter>Source Files</Filter>
    </ClCompile>
    <ClCompile Include="TextureBank.cpp">
      <Filter>Source Files</Filter>
    </ClCompile>
    <ClCompile Include="CreatureClawy.cpp">
      <Filter>Source Files</Filter>
    </ClCompile>
    <ClCompile Include="CreatureFlyingBox.cpp">
      <Filter>Source Files</Filter>
    </ClCompile>
    <ClCompile Include="Level.cpp">
      <Filter>Source Files</Filter>
    </ClCompile>
    <ClCompile Include="SpriteBlackSmoke.cpp">
      <Filter>Source Files</Filter>
    </ClCompile>
    <ClCompile Include="CreatureBlackSmoke.cpp">
      <Filter>Source Files</Filter>
    </ClCompile>
    <ClCompile Include="LevelComponent.cpp">
      <Filter>Source Files</Filter>
    </ClCompile>
    <ClCompile Include="LevelComponentTest.cpp">
      <Filter>Source Files</Filter>
    </ClCompile>
    <ClCompile Include="LevelComponentCore.cpp">
      <Filter>Source Files</Filter>
    </ClCompile>
    <ClCompile Include="FactorySpawningCreatures.cpp">
      <Filter>Source Files</Filter>
    </ClCompile>
    <ClCompile Include="FactorySpawningLevelComponents.cpp">
      <Filter>Source Files</Filter>
    </ClCompile>
    <ClCompile Include="LevelComponentMaze.cpp">
      <Filter>Source Files</Filter>
    </ClCompile>
    <ClCompile Include="LevelNineMazes.cpp">
      <Filter>Source Files</Filter>
    </ClCompile>
    <ClCompile Include="FactorySpawningLevels.cpp">
      <Filter>Source Files</Filter>
    </ClCompile>
    <ClCompile Include="CreatureEventTrigger.cpp">
      <Filter>Source Files</Filter>
    </ClCompile>
    <ClCompile Include="VectorDrawing.cpp">
      <Filter>Source Files</Filter>
    </ClCompile>
    <ClCompile Include="FactorySpawningSprites.cpp">
      <Filter>Source Files</Filter>
    </ClCompile>
    <ClCompile Include="VisualComponent.cpp">
      <Filter>Source Files</Filter>
    </ClCompile>
    <ClCompile Include="LevelComponentTriggers.cpp">
      <Filter>Source Files</Filter>
    </ClCompile>
    <ClCompile Include="CreatureVectorMask.cpp">
      <Filter>Source Files</Filter>
    </ClCompile>
    <ClCompile Include="CreatureNPC.cpp">
      <Filter>Source Files</Filter>
    </ClCompile>
    <ClCompile Include="Behavior.cpp">
      <Filter>Source Files</Filter>
    </ClCompile>
    <ClCompile Include="CreatureSpell.cpp">
      <Filter>Source Files</Filter>
    </ClCompile>
    <ClCompile Include="CreatureSpellBall.cpp">
      <Filter>Source Files</Filter>
    </ClCompile>
    <ClCompile Include="SpriteVortex.cpp">
      <Filter>Source Files</Filter>
    </ClCompile>
    <ClCompile Include="Timer.cpp">
      <Filter>Source Files</Filter>
    </ClCompile>
    <ClCompile Include="TimerInterval.cpp">
      <Filter>Source Files</Filter>
    </ClCompile>
  </ItemGroup>
  <ItemGroup>
    <Text Include="Documentation.txt" />
  </ItemGroup>
</Project>