<?xml version="1.0" encoding="utf-8"?>
<Project ToolsVersion="4.0" xmlns="http://schemas.microsoft.com/developer/msbuild/2003">
  <ItemGroup>
    <Filter Include="Source Files">
      <UniqueIdentifier>{4FC737F1-C7A5-4376-A066-2A32D752A2FF}</UniqueIdentifier>
      <Extensions>cpp;c;cc;cxx;def;odl;idl;hpj;bat;asm;asmx</Extensions>
    </Filter>
    <Filter Include="Header Files">
      <UniqueIdentifier>{93995380-89BD-4b04-88EB-625FBE52EBFB}</UniqueIdentifier>
      <Extensions>h;hh;hpp;hxx;hm;inl;inc;ipp;xsd</Extensions>
    </Filter>
    <Filter Include="Resource Files">
      <UniqueIdentifier>{67DA6AB6-F800-4c08-8B7A-83BB121AAD01}</UniqueIdentifier>
      <Extensions>rc;ico;cur;bmp;dlg;rc2;rct;bin;rgs;gif;jpg;jpeg;jpe;resx;tiff;tif;png;wav;mfcribbon-ms</Extensions>
    </Filter>
    <Filter Include="Header Files\Creatures">
      <UniqueIdentifier>{3461089c-b919-4f4f-9c27-871875de0095}</UniqueIdentifier>
    </Filter>
    <Filter Include="Source Files\Creatures">
      <UniqueIdentifier>{1749b519-638f-4dc1-b3c4-1889c5ef2521}</UniqueIdentifier>
    </Filter>
    <Filter Include="Header Files\LevelComponents">
      <UniqueIdentifier>{3976ed89-0c7a-4f07-8f1f-f7243b986227}</UniqueIdentifier>
    </Filter>
    <Filter Include="Source Files\LevelComponents">
      <UniqueIdentifier>{55b10fbd-ff6f-4cd3-adb8-310f55f497bc}</UniqueIdentifier>
    </Filter>
    <Filter Include="Header Files\Levels">
      <UniqueIdentifier>{8b3a5283-753f-45b2-9674-72240891d8b8}</UniqueIdentifier>
    </Filter>
    <Filter Include="Header Files\Textures">
      <UniqueIdentifier>{ce54fb02-426a-4555-9b33-f46cf6dfa0a1}</UniqueIdentifier>
    </Filter>
    <Filter Include="Source Files\Textures">
      <UniqueIdentifier>{42398ef2-636c-4653-aed5-88f3e0e5b00d}</UniqueIdentifier>
    </Filter>
    <Filter Include="Header Files\VisualComponents">
      <UniqueIdentifier>{da72a5fd-c127-46d2-8c28-1b558825304b}</UniqueIdentifier>
    </Filter>
    <Filter Include="Header Files\VisualComponents\Sprites">
      <UniqueIdentifier>{a553b987-d63d-4022-b853-8dcc02179ac9}</UniqueIdentifier>
    </Filter>
    <Filter Include="Source Files\VisualComponents">
      <UniqueIdentifier>{b1c6a2f3-d3b1-4688-b63e-f7bdbe01a978}</UniqueIdentifier>
    </Filter>
    <Filter Include="Source Files\VisualComponents\Sprites">
      <UniqueIdentifier>{fb29bc6f-6b02-4c23-8b0b-10039d30bc88}</UniqueIdentifier>
    </Filter>
    <Filter Include="Source Files\VisualComponents\VectorDrawings">
      <UniqueIdentifier>{e0a7fc85-5387-4566-aade-b96fa3535788}</UniqueIdentifier>
    </Filter>
    <Filter Include="Header Files\VisualComponents\VectorDrawings">
      <UniqueIdentifier>{7df9e3bc-1e7a-4868-8da3-3ebe5d337eed}</UniqueIdentifier>
    </Filter>
    <Filter Include="Resource Files\images">
      <UniqueIdentifier>{b3a14c0f-68ca-4d2c-9cb4-0feb756d603c}</UniqueIdentifier>
    </Filter>
    <Filter Include="Header Files\VisualComponents\Lines">
      <UniqueIdentifier>{17f2e004-3e4e-49e7-a56c-297d9be0f6a7}</UniqueIdentifier>
    </Filter>
    <Filter Include="Source Files\VisualComponents\Lines">
      <UniqueIdentifier>{80b59978-1ad8-44f2-b36b-128232e5f6eb}</UniqueIdentifier>
    </Filter>
    <Filter Include="Source Files\Levels">
      <UniqueIdentifier>{06902961-88c7-48d0-b4c6-bbb6b3c10ff3}</UniqueIdentifier>
    </Filter>
    <Filter Include="Header Files\Timers">
      <UniqueIdentifier>{b40c1206-6595-4e32-a369-7e18e73bc9d2}</UniqueIdentifier>
    </Filter>
    <Filter Include="Source Files\Timers">
      <UniqueIdentifier>{2eec9ac9-3741-486f-9b5e-d00da28a256c}</UniqueIdentifier>
    </Filter>
  </ItemGroup>
  <ItemGroup>
    <ClInclude Include="Game.hpp">
      <Filter>Header Files</Filter>
    </ClInclude>
    <ClInclude Include="Screen.hpp">
      <Filter>Header Files</Filter>
    </ClInclude>
    <ClInclude Include="CustomDefinedTypes.hpp">
      <Filter>Header Files</Filter>
    </ClInclude>
    <ClInclude Include="Creature.hpp">
      <Filter>Header Files\Creatures</Filter>
    </ClInclude>
    <ClInclude Include="CreatureBlackSmoke.hpp">
      <Filter>Header Files\Creatures</Filter>
    </ClInclude>
    <ClInclude Include="CreatureBlueBackground.hpp">
      <Filter>Header Files\Creatures</Filter>
    </ClInclude>
    <ClInclude Include="CreatureClawy.hpp">
      <Filter>Header Files\Creatures</Filter>
    </ClInclude>
    <ClInclude Include="CreatureEventTrigger.hpp">
      <Filter>Header Files\Creatures</Filter>
    </ClInclude>
    <ClInclude Include="CreatureFlyingBox.hpp">
      <Filter>Header Files\Creatures</Filter>
    </ClInclude>
    <ClInclude Include="CreatureNPC.hpp">
      <Filter>Header Files\Creatures</Filter>
    </ClInclude>
    <ClInclude Include="CreatureSpell.hpp">
      <Filter>Header Files\Creatures</Filter>
    </ClInclude>
    <ClInclude Include="CreatureSpellBall.hpp">
      <Filter>Header Files\Creatures</Filter>
    </ClInclude>
    <ClInclude Include="CreatureVectorMask.hpp">
      <Filter>Header Files\Creatures</Filter>
    </ClInclude>
    <ClInclude Include="FactorySpawningCreatures.hpp">
      <Filter>Header Files\Creatures</Filter>
    </ClInclude>
    <ClInclude Include="Sprite.hpp">
      <Filter>Header Files\VisualComponents\Sprites</Filter>
    </ClInclude>
    <ClInclude Include="SpriteBackground.hpp">
      <Filter>Header Files\VisualComponents\Sprites</Filter>
    </ClInclude>
    <ClInclude Include="SpriteBlackBox.hpp">
      <Filter>Header Files\VisualComponents\Sprites</Filter>
    </ClInclude>
    <ClInclude Include="SpriteBlackSmoke.hpp">
      <Filter>Header Files\VisualComponents\Sprites</Filter>
    </ClInclude>
    <ClInclude Include="SpriteClawy.hpp">
      <Filter>Header Files\VisualComponents\Sprites</Filter>
    </ClInclude>
    <ClInclude Include="SpriteVortex.hpp">
      <Filter>Header Files\VisualComponents\Sprites</Filter>
    </ClInclude>
    <ClInclude Include="FactorySpawningSprites.hpp">
      <Filter>Header Files\VisualComponents\Sprites</Filter>
    </ClInclude>
    <ClInclude Include="LevelComponent.hpp">
      <Filter>Header Files\LevelComponents</Filter>
    </ClInclude>
    <ClInclude Include="LevelComponentCore.hpp">
      <Filter>Header Files\LevelComponents</Filter>
    </ClInclude>
    <ClInclude Include="LevelComponentMaze.hpp">
      <Filter>Header Files\LevelComponents</Filter>
    </ClInclude>
    <ClInclude Include="LevelComponentTest.hpp">
      <Filter>Header Files\LevelComponents</Filter>
    </ClInclude>
    <ClInclude Include="LevelComponentTriggers.hpp">
      <Filter>Header Files\LevelComponents</Filter>
    </ClInclude>
    <ClInclude Include="FactorySpawningLevelComponents.hpp">
      <Filter>Header Files\LevelComponents</Filter>
    </ClInclude>
    <ClInclude Include="Level.hpp">
      <Filter>Header Files\Levels</Filter>
    </ClInclude>
    <ClInclude Include="LevelNineMazes.hpp">
      <Filter>Header Files\Levels</Filter>
    </ClInclude>
    <ClInclude Include="LevelTest.hpp">
      <Filter>Header Files\Levels</Filter>
    </ClInclude>
    <ClInclude Include="texture.hpp">
      <Filter>Header Files\Textures</Filter>
    </ClInclude>
    <ClInclude Include="TextureBank.hpp">
      <Filter>Header Files\Textures</Filter>
    </ClInclude>
    <ClInclude Include="FactorySpawningLevels.hpp">
      <Filter>Header Files\Levels</Filter>
    </ClInclude>
    <ClInclude Include="VisualComponent.hpp">
      <Filter>Header Files\VisualComponents</Filter>
    </ClInclude>
    <ClInclude Include="VectorDrawing.hpp">
      <Filter>Header Files\VisualComponents\VectorDrawings</Filter>
    </ClInclude>
    <ClInclude Include="CreatureSpellOpenDoors.hpp">
      <Filter>Header Files\Creatures</Filter>
    </ClInclude>
    <ClInclude Include="SpriteExit.hpp">
      <Filter>Header Files\VisualComponents\Sprites</Filter>
    </ClInclude>
    <ClInclude Include="GUI.hpp">
      <Filter>Header Files</Filter>
    </ClInclude>
    <ClInclude Include="SpriteGuiManaBar.hpp">
      <Filter>Header Files\VisualComponents\Sprites</Filter>
    </ClInclude>
    <ClInclude Include="CommonMath.hpp">
      <Filter>Header Files</Filter>
    </ClInclude>
    <ClInclude Include="Navigator.hpp">
      <Filter>Header Files</Filter>
    </ClInclude>
    <ClInclude Include="FactorySpawningNavigators.hpp">
      <Filter>Header Files</Filter>
    </ClInclude>
    <ClInclude Include="LevelComponentNavGrid.hpp">
      <Filter>Header Files\LevelComponents</Filter>
    </ClInclude>
    <ClInclude Include="CreatureNavGridNode.hpp">
      <Filter>Header Files\Creatures</Filter>
    </ClInclude>
    <ClInclude Include="Line.hpp">
      <Filter>Header Files\VisualComponents\Lines</Filter>
    </ClInclude>
    <ClInclude Include="Interface.hpp">
      <Filter>Header Files</Filter>
    </ClInclude>
    <ClInclude Include="CreatureCarrierA.hpp">
      <Filter>Header Files\Creatures</Filter>
    </ClInclude>
    <ClInclude Include="SpriteSnailmage.hpp">
      <Filter>Header Files\VisualComponents\Sprites</Filter>
    </ClInclude>
    <ClInclude Include="SpriteImplosion.hpp">
      <Filter>Header Files\VisualComponents\Sprites</Filter>
    </ClInclude>
    <ClInclude Include="Timer.hpp">
      <Filter>Header Files\Timers</Filter>
    </ClInclude>
    <ClInclude Include="TimerCountdown.hpp">
      <Filter>Header Files\Timers</Filter>
    </ClInclude>
    <ClInclude Include="TimerGeneral.hpp">
      <Filter>Header Files\Timers</Filter>
    </ClInclude>
    <ClInclude Include="TimerInterval.hpp">
      <Filter>Header Files\Timers</Filter>
    </ClInclude>
    <ClInclude Include="TimerStartStop.hpp">
      <Filter>Header Files\Timers</Filter>
    </ClInclude>
    <ClInclude Include="Brain.hpp">
      <Filter>Header Files</Filter>
    </ClInclude>
    <ClInclude Include="Logger.hpp">
      <Filter>Header Files</Filter>
    </ClInclude>
    <ClInclude Include="LevelMenu.hpp">
      <Filter>Header Files\Levels</Filter>
    </ClInclude>
  </ItemGroup>
  <ItemGroup>
    <ClCompile Include="Game.cpp">
      <Filter>Source Files</Filter>
    </ClCompile>
    <ClCompile Include="hello.cpp">
      <Filter>Source Files</Filter>
    </ClCompile>
    <ClCompile Include="Screen.cpp">
      <Filter>Source Files</Filter>
    </ClCompile>
    <ClCompile Include="Behavior.cpp">
      <Filter>Source Files</Filter>
    </ClCompile>
    <ClCompile Include="Creature.cpp">
      <Filter>Source Files\Creatures</Filter>
    </ClCompile>
    <ClCompile Include="CreatureBlackSmoke.cpp">
      <Filter>Source Files\Creatures</Filter>
    </ClCompile>
    <ClCompile Include="CreatureBlueBackground.cpp">
      <Filter>Source Files\Creatures</Filter>
    </ClCompile>
    <ClCompile Include="CreatureClawy.cpp">
      <Filter>Source Files\Creatures</Filter>
    </ClCompile>
    <ClCompile Include="CreatureEventTrigger.cpp">
      <Filter>Source Files\Creatures</Filter>
    </ClCompile>
    <ClCompile Include="CreatureFlyingBox.cpp">
      <Filter>Source Files\Creatures</Filter>
    </ClCompile>
    <ClCompile Include="CreatureNPC.cpp">
      <Filter>Source Files\Creatures</Filter>
    </ClCompile>
    <ClCompile Include="CreatureSpell.cpp">
      <Filter>Source Files\Creatures</Filter>
    </ClCompile>
    <ClCompile Include="CreatureSpellBall.cpp">
      <Filter>Source Files\Creatures</Filter>
    </ClCompile>
    <ClCompile Include="CreatureVectorMask.cpp">
      <Filter>Source Files\Creatures</Filter>
    </ClCompile>
    <ClCompile Include="FactorySpawningCreatures.cpp">
      <Filter>Source Files\Creatures</Filter>
    </ClCompile>
    <ClCompile Include="FactorySpawningSprites.cpp">
      <Filter>Source Files\VisualComponents\Sprites</Filter>
    </ClCompile>
    <ClCompile Include="Sprite.cpp">
      <Filter>Source Files\VisualComponents\Sprites</Filter>
    </ClCompile>
    <ClCompile Include="SpriteBackground.cpp">
      <Filter>Source Files\VisualComponents\Sprites</Filter>
    </ClCompile>
    <ClCompile Include="SpriteBlackBox.cpp">
      <Filter>Source Files\VisualComponents\Sprites</Filter>
    </ClCompile>
    <ClCompile Include="SpriteBlackSmoke.cpp">
      <Filter>Source Files\VisualComponents\Sprites</Filter>
    </ClCompile>
    <ClCompile Include="SpriteClawy.cpp">
      <Filter>Source Files\VisualComponents\Sprites</Filter>
    </ClCompile>
    <ClCompile Include="SpriteVortex.cpp">
      <Filter>Source Files\VisualComponents\Sprites</Filter>
    </ClCompile>
    <ClCompile Include="LevelComponent.cpp">
      <Filter>Source Files\LevelComponents</Filter>
    </ClCompile>
    <ClCompile Include="LevelComponentCore.cpp">
      <Filter>Source Files\LevelComponents</Filter>
    </ClCompile>
    <ClCompile Include="LevelComponentMaze.cpp">
      <Filter>Source Files\LevelComponents</Filter>
    </ClCompile>
    <ClCompile Include="LevelComponentTest.cpp">
      <Filter>Source Files\LevelComponents</Filter>
    </ClCompile>
    <ClCompile Include="LevelComponentTriggers.cpp">
      <Filter>Source Files\LevelComponents</Filter>
    </ClCompile>
    <ClCompile Include="FactorySpawningLevelComponents.cpp">
      <Filter>Source Files\LevelComponents</Filter>
    </ClCompile>
    <ClCompile Include="Level.cpp">
      <Filter>Source Files\Levels</Filter>
    </ClCompile>
    <ClCompile Include="LevelTest.cpp">
      <Filter>Source Files\Levels</Filter>
    </ClCompile>
    <ClCompile Include="texture.cpp">
      <Filter>Source Files\Textures</Filter>
    </ClCompile>
    <ClCompile Include="TextureBank.cpp">
      <Filter>Source Files\Textures</Filter>
    </ClCompile>
    <ClCompile Include="FactorySpawningLevels.cpp">
      <Filter>Source Files\Levels</Filter>
    </ClCompile>
    <ClCompile Include="VisualComponent.cpp">
      <Filter>Source Files\VisualComponents</Filter>
    </ClCompile>
    <ClCompile Include="VectorDrawing.cpp">
      <Filter>Source Files\VisualComponents\VectorDrawings</Filter>
    </ClCompile>
    <ClCompile Include="CreatureSpellOpenDoors.cpp">
      <Filter>Source Files\Creatures</Filter>
    </ClCompile>
    <ClCompile Include="SpriteExit.cpp">
      <Filter>Source Files\VisualComponents\Sprites</Filter>
    </ClCompile>
    <ClCompile Include="Magic.cpp">
      <Filter>Source Files</Filter>
    </ClCompile>
    <ClCompile Include="GUI.cpp">
      <Filter>Source Files</Filter>
    </ClCompile>
    <ClCompile Include="SpriteGuiManaBar.cpp">
      <Filter>Source Files\VisualComponents\Sprites</Filter>
    </ClCompile>
    <ClCompile Include="CommonMath.cpp">
      <Filter>Source Files</Filter>
    </ClCompile>
    <ClCompile Include="FactorySpawningNavigators.cpp">
      <Filter>Source Files</Filter>
    </ClCompile>
    <ClCompile Include="Navigator.cpp">
      <Filter>Source Files</Filter>
    </ClCompile>
    <ClCompile Include="LevelNineMazes.cpp">
      <Filter>Source Files\Levels</Filter>
    </ClCompile>
    <ClCompile Include="LevelComponentNavGrid.cpp">
      <Filter>Source Files\LevelComponents</Filter>
    </ClCompile>
    <ClCompile Include="CreatureNavGridNode.cpp">
      <Filter>Source Files\Creatures</Filter>
    </ClCompile>
    <ClCompile Include="Line.cpp">
      <Filter>Source Files\VisualComponents\Lines</Filter>
    </ClCompile>
    <ClCompile Include="Interface.cpp">
      <Filter>Resource Files</Filter>
    </ClCompile>
    <ClCompile Include="CreatureCarrierA.cpp">
      <Filter>Source Files\Creatures</Filter>
    </ClCompile>
    <ClCompile Include="SpriteSnailmage.cpp">
      <Filter>Source Files\VisualComponents\Sprites</Filter>
    </ClCompile>
    <ClCompile Include="TimerGeneral.cpp">
      <Filter>Resource Files</Filter>
    </ClCompile>
    <ClCompile Include="SpriteImplosion.cpp">
      <Filter>Source Files\VisualComponents\Sprites</Filter>
    </ClCompile>
    <ClCompile Include="Timer.cpp">
      <Filter>Source Files\Timers</Filter>
    </ClCompile>
    <ClCompile Include="TimerCountdown.cpp">
      <Filter>Source Files\Timers</Filter>
    </ClCompile>
    <ClCompile Include="TimerInterval.cpp">
      <Filter>Source Files\Timers</Filter>
    </ClCompile>
    <ClCompile Include="TimerStartStop.cpp">
      <Filter>Source Files\Timers</Filter>
    </ClCompile>
    <ClCompile Include="Brain.cpp">
      <Filter>Source Files</Filter>
    </ClCompile>
    <ClCompile Include="Logger.cpp">
      <Filter>Source Files</Filter>
    </ClCompile>
    <ClCompile Include="LevelMenu.cpp">
      <Filter>Source Files\Levels</Filter>
    </ClCompile>
  </ItemGroup>
  <ItemGroup>
    <Text Include="Documentation.txt">
      <Filter>Resource Files</Filter>
    </Text>
  </ItemGroup>
  <ItemGroup>
    <Image Include="images\bground.png">
      <Filter>Resource Files\images</Filter>
    </Image>
    <Image Include="images\black_box.png">
      <Filter>Resource Files\images</Filter>
    </Image>
    <Image Include="images\black_smoke.png">
      <Filter>Resource Files\images</Filter>
    </Image>
    <Image Include="images\guy.png">
      <Filter>Resource Files\images</Filter>
    </Image>
    <Image Include="images\vortex.png">
      <Filter>Resource Files\images</Filter>
    </Image>
    <Image Include="images\wall32x32.png">
      <Filter>Resource Files\images</Filter>
    </Image>
  </ItemGroup>
  <ItemGroup>
    <None Include="images\guy.xcf">
      <Filter>Resource Files\images</Filter>
    </None>
    <None Include="images\smoke_animation.xcf">
      <Filter>Resource Files\images</Filter>
    </None>
    <None Include="images\vortex.xcf">
      <Filter>Resource Files\images</Filter>
    </None>
    <None Include="images\wall32x32.xcf">
      <Filter>Resource Files\images</Filter>
    </None>
  </ItemGroup>
</Project>